
Microsoft Visual Studio Solution File, Format Version 12.00
Project("{FAE04EC0-301F-11D3-BF4B-00C04F79EFBC}") = "controltest", "controltest\controltest.csproj", "{D3B5DB1B-2360-4772-B8C1-E326531E9E27}"
EndProject
Project("{F2A71F9B-5D33-465A-A702-920D77279786}") = "FSLib1", "FSLib1\FSLib1.fsproj", "{83F5382B-1DBD-4A69-B23B-09EF9461307C}"
EndProject
Global
	GlobalSection(SolutionConfigurationPlatforms) = preSolution
		Debug|Any CPU = Debug|Any CPU
		Release|Any CPU = Release|Any CPU
	EndGlobalSection
	GlobalSection(ProjectConfigurationPlatforms) = postSolution
		{D3B5DB1B-2360-4772-B8C1-E326531E9E27}.Debug|Any CPU.ActiveCfg = Debug|Any CPU
		{D3B5DB1B-2360-4772-B8C1-E326531E9E27}.Debug|Any CPU.Build.0 = Debug|Any CPU
		{D3B5DB1B-2360-4772-B8C1-E326531E9E27}.Release|Any CPU.ActiveCfg = Release|Any CPU
		{D3B5DB1B-2360-4772-B8C1-E326531E9E27}.Release|Any CPU.Build.0 = Release|Any CPU
		{83F5382B-1DBD-4A69-B23B-09EF9461307C}.Debug|Any CPU.ActiveCfg = Debug|Any CPU
		{83F5382B-1DBD-4A69-B23B-09EF9461307C}.Debug|Any CPU.Build.0 = Debug|Any CPU
		{83F5382B-1DBD-4A69-B23B-09EF9461307C}.Release|Any CPU.ActiveCfg = Release|Any CPU
		{83F5382B-1DBD-4A69-B23B-09EF9461307C}.Release|Any CPU.Build.0 = Release|Any CPU
	EndGlobalSection
EndGlobal
